// !$*UTF8*$!
{
	archiveVersion = 1;
	classes = {
	};
	objectVersion = 44;
	objects = {

/* Begin PBXBuildFile section */
		8DD76F770486A8DE00D96B5E /* main.c in Sources */ = {isa = PBXBuildFile; fileRef = 08FB7796FE84155DC02AAC07 /* main.c */; settings = {ATTRIBUTES = (); }; };
		8DD76F790486A8DE00D96B5E /* CoreFoundation.framework in Frameworks */ = {isa = PBXBuildFile; fileRef = 09AB6884FE841BABC02AAC07 /* CoreFoundation.framework */; };
		D883F7D80D28A86B0062B1CB /* Carbon.framework in Frameworks */ = {isa = PBXBuildFile; fileRef = D883F7D70D28A86B0062B1CB /* Carbon.framework */; };
		D883F7DD0D28A8710062B1CB /* ApplicationServices.framework in Frameworks */ = {isa = PBXBuildFile; fileRef = D883F7DC0D28A8710062B1CB /* ApplicationServices.framework */; };
/* End PBXBuildFile section */

/* Begin PBXCopyFilesBuildPhase section */
		8DD76F7B0486A8DE00D96B5E /* CopyFiles */ = {
			isa = PBXCopyFilesBuildPhase;
			buildActionMask = 8;
			dstPath = /usr/share/man/man1/;
			dstSubfolderSpec = 0;
			files = (
			);
			runOnlyForDeploymentPostprocessing = 1;
		};
/* End PBXCopyFilesBuildPhase section */

/* Begin PBXFileReference section */
		08FB7796FE84155DC02AAC07 /* main.c */ = {isa = PBXFileReference; fileEncoding = 4; lastKnownFileType = sourcecode.c.c; path = main.c; sourceTree = "<group>"; };
		09AB6884FE841BABC02AAC07 /* CoreFoundation.framework */ = {isa = PBXFileReference; lastKnownFileType = wrapper.framework; name = CoreFoundation.framework; path = /System/Library/Frameworks/CoreFoundation.framework; sourceTree = "<absolute>"; };
		8DD76F7E0486A8DE00D96B5E /* Hang Monitor */ = {isa = PBXFileReference; explicitFileType = "compiled.mach-o.executable"; includeInIndex = 0; path = "Hang Monitor"; sourceTree = BUILT_PRODUCTS_DIR; };
		D883F7D70D28A86B0062B1CB /* Carbon.framework */ = {isa = PBXFileReference; lastKnownFileType = wrapper.framework; name = Carbon.framework; path = /System/Library/Frameworks/Carbon.framework; sourceTree = "<absolute>"; };
		D883F7DC0D28A8710062B1CB /* ApplicationServices.framework */ = {isa = PBXFileReference; lastKnownFileType = wrapper.framework; name = ApplicationServices.framework; path = /System/Library/Frameworks/ApplicationServices.framework; sourceTree = "<absolute>"; };
		D883F8270D28ACF80062B1CB /* CGSAccessibility.h */ = {isa = PBXFileReference; fileEncoding = 4; lastKnownFileType = sourcecode.c.h; path = CGSAccessibility.h; sourceTree = "<group>"; };
		D883F8280D28ACF80062B1CB /* CGSCIFilter.h */ = {isa = PBXFileReference; fileEncoding = 4; lastKnownFileType = sourcecode.c.h; path = CGSCIFilter.h; sourceTree = "<group>"; };
		D883F8290D28ACF80062B1CB /* CGSConnection.h */ = {isa = PBXFileReference; fileEncoding = 4; lastKnownFileType = sourcecode.c.h; path = CGSConnection.h; sourceTree = "<group>"; };
		D883F82A0D28ACF80062B1CB /* CGSCursor.h */ = {isa = PBXFileReference; fileEncoding = 4; lastKnownFileType = sourcecode.c.h; path = CGSCursor.h; sourceTree = "<group>"; };
		D883F82B0D28ACF80062B1CB /* CGSDebug.h */ = {isa = PBXFileReference; fileEncoding = 4; lastKnownFileType = sourcecode.c.h; path = CGSDebug.h; sourceTree = "<group>"; };
		D883F82C0D28ACF80062B1CB /* CGSDisplays.h */ = {isa = PBXFileReference; fileEncoding = 4; lastKnownFileType = sourcecode.c.h; path = CGSDisplays.h; sourceTree = "<group>"; };
		D883F82D0D28ACF80062B1CB /* CGSHotKeys.h */ = {isa = PBXFileReference; fileEncoding = 4; lastKnownFileType = sourcecode.c.h; path = CGSHotKeys.h; sourceTree = "<group>"; };
		D883F82E0D28ACF80062B1CB /* CGSInternal.h */ = {isa = PBXFileReference; fileEncoding = 4; lastKnownFileType = sourcecode.c.h; path = CGSInternal.h; sourceTree = "<group>"; };
		D883F82F0D28ACF80062B1CB /* CGSMisc.h */ = {isa = PBXFileReference; fileEncoding = 4; lastKnownFileType = sourcecode.c.h; path = CGSMisc.h; sourceTree = "<group>"; };
		D883F8300D28ACF80062B1CB /* CGSNotifications.h */ = {isa = PBXFileReference; fileEncoding = 4; lastKnownFileType = sourcecode.c.h; path = CGSNotifications.h; sourceTree = "<group>"; };
		D883F8310D28ACF80062B1CB /* CGSRegion.h */ = {isa = PBXFileReference; fileEncoding = 4; lastKnownFileType = sourcecode.c.h; path = CGSRegion.h; sourceTree = "<group>"; };
		D883F8320D28ACF80062B1CB /* CGSSession.h */ = {isa = PBXFileReference; fileEncoding = 4; lastKnownFileType = sourcecode.c.h; path = CGSSession.h; sourceTree = "<group>"; };
		D883F8330D28ACF80062B1CB /* CGSTransitions.h */ = {isa = PBXFileReference; fileEncoding = 4; lastKnownFileType = sourcecode.c.h; path = CGSTransitions.h; sourceTree = "<group>"; };
		D883F8340D28ACF80062B1CB /* CGSWindow.h */ = {isa = PBXFileReference; fileEncoding = 4; lastKnownFileType = sourcecode.c.h; path = CGSWindow.h; sourceTree = "<group>"; };
		D883F8350D28ACF80062B1CB /* CGSWorkspace.h */ = {isa = PBXFileReference; fileEncoding = 4; lastKnownFileType = sourcecode.c.h; path = CGSWorkspace.h; sourceTree = "<group>"; };
		D883F8360D28ACF80062B1CB /* CarbonHelpers.h */ = {isa = PBXFileReference; fileEncoding = 4; lastKnownFileType = sourcecode.c.h; path = CarbonHelpers.h; sourceTree = "<group>"; };
/* End PBXFileReference section */

/* Begin PBXFrameworksBuildPhase section */
		8DD76F780486A8DE00D96B5E /* Frameworks */ = {
			isa = PBXFrameworksBuildPhase;
			buildActionMask = 2147483647;
			files = (
				8DD76F790486A8DE00D96B5E /* CoreFoundation.framework in Frameworks */,
				D883F7D80D28A86B0062B1CB /* Carbon.framework in Frameworks */,
				D883F7DD0D28A8710062B1CB /* ApplicationServices.framework in Frameworks */,
			);
			runOnlyForDeploymentPostprocessing = 0;
		};
/* End PBXFrameworksBuildPhase section */

/* Begin PBXGroup section */
		08FB7794FE84155DC02AAC07 /* Hang Monitor */ = {
			isa = PBXGroup;
			children = (
				D883F8260D28ACF80062B1CB /* CGSInternal */,
				08FB7795FE84155DC02AAC07 /* Source */,
				08FB779DFE84155DC02AAC07 /* External Frameworks and Libraries */,
				19C28FBDFE9D53C911CA2CBB /* Products */,
			);
			name = "Hang Monitor";
			sourceTree = "<group>";
		};
		08FB7795FE84155DC02AAC07 /* Source */ = {
			isa = PBXGroup;
			children = (
				08FB7796FE84155DC02AAC07 /* main.c */,
			);
			name = Source;
			sourceTree = "<group>";
		};
		08FB779DFE84155DC02AAC07 /* External Frameworks and Libraries */ = {
			isa = PBXGroup;
			children = (
				D883F7DC0D28A8710062B1CB /* ApplicationServices.framework */,
				D883F7D70D28A86B0062B1CB /* Carbon.framework */,
				09AB6884FE841BABC02AAC07 /* CoreFoundation.framework */,
			);
			name = "External Frameworks and Libraries";
			sourceTree = "<group>";
		};
		19C28FBDFE9D53C911CA2CBB /* Products */ = {
			isa = PBXGroup;
			children = (
				8DD76F7E0486A8DE00D96B5E /* Hang Monitor */,
			);
			name = Products;
			sourceTree = "<group>";
		};
		D883F8260D28ACF80062B1CB /* CGSInternal */ = {
			isa = PBXGroup;
			children = (
				D883F8270D28ACF80062B1CB /* CGSAccessibility.h */,
				D883F8280D28ACF80062B1CB /* CGSCIFilter.h */,
				D883F8290D28ACF80062B1CB /* CGSConnection.h */,
				D883F82A0D28ACF80062B1CB /* CGSCursor.h */,
				D883F82B0D28ACF80062B1CB /* CGSDebug.h */,
				D883F82C0D28ACF80062B1CB /* CGSDisplays.h */,
				D883F82D0D28ACF80062B1CB /* CGSHotKeys.h */,
				D883F82E0D28ACF80062B1CB /* CGSInternal.h */,
				D883F82F0D28ACF80062B1CB /* CGSMisc.h */,
				D883F8300D28ACF80062B1CB /* CGSNotifications.h */,
				D883F8310D28ACF80062B1CB /* CGSRegion.h */,
				D883F8320D28ACF80062B1CB /* CGSSession.h */,
				D883F8330D28ACF80062B1CB /* CGSTransitions.h */,
				D883F8340D28ACF80062B1CB /* CGSWindow.h */,
				D883F8350D28ACF80062B1CB /* CGSWorkspace.h */,
				D883F8360D28ACF80062B1CB /* CarbonHelpers.h */,
			);
			name = CGSInternal;
			path = ../../CGSInternal;
			sourceTree = SOURCE_ROOT;
		};
/* End PBXGroup section */

/* Begin PBXNativeTarget section */
		8DD76F740486A8DE00D96B5E /* Hang Monitor */ = {
			isa = PBXNativeTarget;
			buildConfigurationList = 1DEB924708733DCA0010E9CD /* Build configuration list for PBXNativeTarget "Hang Monitor" */;
			buildPhases = (
				8DD76F760486A8DE00D96B5E /* Sources */,
				8DD76F780486A8DE00D96B5E /* Frameworks */,
				8DD76F7B0486A8DE00D96B5E /* CopyFiles */,
			);
			buildRules = (
			);
			dependencies = (
			);
			name = "Hang Monitor";
			productInstallPath = "$(HOME)/bin";
			productName = "Hang Monitor";
			productReference = 8DD76F7E0486A8DE00D96B5E /* Hang Monitor */;
			productType = "com.apple.product-type.tool";
		};
/* End PBXNativeTarget section */

/* Begin PBXProject section */
		08FB7793FE84155DC02AAC07 /* Project object */ = {
			isa = PBXProject;
			buildConfigurationList = 1DEB924B08733DCA0010E9CD /* Build configuration list for PBXProject "Hang Monitor" */;
			compatibilityVersion = "Xcode 3.0";
			developmentRegion = English;
			hasScannedForEncodings = 1;
			knownRegions = (
				English,
				Japanese,
				French,
				German,
			);
			mainGroup = 08FB7794FE84155DC02AAC07 /* Hang Monitor */;
			projectDirPath = "";
			projectRoot = "";
			targets = (
				8DD76F740486A8DE00D96B5E /* Hang Monitor */,
			);
		};
/* End PBXProject section */

/* Begin PBXSourcesBuildPhase section */
		8DD76F760486A8DE00D96B5E /* Sources */ = {
			isa = PBXSourcesBuildPhase;
			buildActionMask = 2147483647;
			files = (
				8DD76F770486A8DE00D96B5E /* main.c in Sources */,
			);
			runOnlyForDeploymentPostprocessing = 0;
		};
/* End PBXSourcesBuildPhase section */

/* Begin XCBuildConfiguration section */
		1DEB924808733DCA0010E9CD /* Debug */ = {
			isa = XCBuildConfiguration;
			buildSettings = {
				COPY_PHASE_STRIP = NO;
				GCC_DYNAMIC_NO_PIC = NO;
				GCC_ENABLE_FIX_AND_CONTINUE = YES;
				GCC_MODEL_TUNING = G5;
				GCC_OPTIMIZATION_LEVEL = 0;
				INSTALL_PATH = /usr/local/bin;
				PRODUCT_NAME = "Hang Monitor";
				ZERO_LINK = YES;
			};
			name = Debug;
		};
		1DEB924908733DCA0010E9CD /* Release */ = {
			isa = XCBuildConfiguration;
			buildSettings = {
				DEBUG_INFORMATION_FORMAT = "dwarf-with-dsym";
				GCC_MODEL_TUNING = G5;
				INSTALL_PATH = /usr/local/bin;
				PRODUCT_NAME = "Hang Monitor";
			};
			name = Release;
		};
		1DEB924C08733DCA0010E9CD /* Debug */ = {
			isa = XCBuildConfiguration;
			buildSettings = {
				GCC_WARN_ABOUT_RETURN_TYPE = YES;
				GCC_WARN_UNUSED_VARIABLE = YES;
				PREBINDING = NO;
				SDKROOT = "$(DEVELOPER_SDK_DIR)/MacOSX10.5.sdk";
			};
			name = Debug;
		};
		1DEB924D08733DCA0010E9CD /* Release */ = {
			isa = XCBuildConfiguration;
			buildSettings = {
				ARCHS = (
					ppc,
					i386,
				);
				GCC_WARN_ABOUT_RETURN_TYPE = YES;
				GCC_WARN_UNUSED_VARIABLE = YES;
				PREBINDING = NO;
				SDKROOT = "$(DEVELOPER_SDK_DIR)/MacOSX10.5.sdk";
			};
			name = Release;
		};
/* End XCBuildConfiguration section */

/* Begin XCConfigurationList section */
		1DEB924708733DCA0010E9CD /* Build configuration list for PBXNativeTarget "Hang Monitor" */ = {
			isa = XCConfigurationList;
			buildConfigurations = (
				1DEB924808733DCA0010E9CD /* Debug */,
				1DEB924908733DCA0010E9CD /* Release */,
			);
			defaultConfigurationIsVisible = 0;
			defaultConfigurationName = Release;
		};
		1DEB924B08733DCA0010E9CD /* Build configuration list for PBXProject "Hang Monitor" */ = {
			isa = XCConfigurationList;
			buildConfigurations = (
				1DEB924C08733DCA0010E9CD /* Debug */,
				1DEB924D08733DCA0010E9CD /* Release */,
			);
			defaultConfigurationIsVisible = 0;
			defaultConfigurationName = Release;
		};
/* End XCConfigurationList section */
	};
	rootObject = 08FB7793FE84155DC02AAC07 /* Project object */;
}
