// !$*UTF8*$!
{
	archiveVersion = 1;
	classes = {
	};
	objectVersion = 42;
	objects = {

/* Begin PBXBuildFile section */
		8DD76FAC0486AB0100D96B5E /* main.c in Sources */ = {isa = PBXBuildFile; fileRef = 08FB7796FE84155DC02AAC07 /* main.c */; settings = {ATTRIBUTES = (); }; };
		D8EA607F0CA3DD320081474F /* CarbonHelpers.h in Headers */ = {isa = PBXBuildFile; fileRef = D8EF0D080CA3CBF4000A14FE /* CarbonHelpers.h */; };
		D8EA60800CA3DD320081474F /* CGSAccessibility.h in Headers */ = {isa = PBXBuildFile; fileRef = D8EF0D090CA3CBF4000A14FE /* CGSAccessibility.h */; };
		D8EA60810CA3DD320081474F /* CGSCIFilter.h in Headers */ = {isa = PBXBuildFile; fileRef = D8EF0D0A0CA3CBF4000A14FE /* CGSCIFilter.h */; };
		D8EA60820CA3DD320081474F /* CGSConnection.h in Headers */ = {isa = PBXBuildFile; fileRef = D8EF0D0B0CA3CBF4000A14FE /* CGSConnection.h */; };
		D8EA60830CA3DD320081474F /* CGSCursor.h in Headers */ = {isa = PBXBuildFile; fileRef = D8EF0D0C0CA3CBF4000A14FE /* CGSCursor.h */; };
		D8EA60840CA3DD320081474F /* CGSDebug.h in Headers */ = {isa = PBXBuildFile; fileRef = D8EF0D0D0CA3CBF4000A14FE /* CGSDebug.h */; };
		D8EA60850CA3DD320081474F /* CGSDisplays.h in Headers */ = {isa = PBXBuildFile; fileRef = D8EF0D0E0CA3CBF4000A14FE /* CGSDisplays.h */; };
		D8EA60870CA3DD320081474F /* CGSHotKeys.h in Headers */ = {isa = PBXBuildFile; fileRef = D8EF0D100CA3CBF4000A14FE /* CGSHotKeys.h */; };
		D8EA60880CA3DD320081474F /* CGSInternal.h in Headers */ = {isa = PBXBuildFile; fileRef = D8EF0D110CA3CBF4000A14FE /* CGSInternal.h */; };
		D8EA60890CA3DD320081474F /* CGSMisc.h in Headers */ = {isa = PBXBuildFile; fileRef = D8EF0D120CA3CBF4000A14FE /* CGSMisc.h */; };
		D8EA608A0CA3DD320081474F /* CGSRegion.h in Headers */ = {isa = PBXBuildFile; fileRef = D8EF0D130CA3CBF4000A14FE /* CGSRegion.h */; };
		D8EA608C0CA3DD320081474F /* CGSSession.h in Headers */ = {isa = PBXBuildFile; fileRef = D8EF0D150CA3CBF4000A14FE /* CGSSession.h */; };
		D8EA608D0CA3DD320081474F /* CGSTransitions.h in Headers */ = {isa = PBXBuildFile; fileRef = D8EF0D160CA3CBF4000A14FE /* CGSTransitions.h */; };
		D8EA608E0CA3DD320081474F /* CGSWindow.h in Headers */ = {isa = PBXBuildFile; fileRef = D8EF0D170CA3CBF4000A14FE /* CGSWindow.h */; };
		D8EA608F0CA3DD320081474F /* CGSWorkspace.h in Headers */ = {isa = PBXBuildFile; fileRef = D8EF0D180CA3CBF4000A14FE /* CGSWorkspace.h */; };
		D8EA616C0CA3E3CD0081474F /* background.png in CopyFiles */ = {isa = PBXBuildFile; fileRef = D8EA616B0CA3E3CD0081474F /* background.png */; };
		D8EF088E0CA3BB69000A14FE /* ApplicationServices.framework in Frameworks */ = {isa = PBXBuildFile; fileRef = D8EF088D0CA3BB69000A14FE /* ApplicationServices.framework */; };
/* End PBXBuildFile section */

/* Begin PBXCopyFilesBuildPhase section */
		D8EA61640CA3E3AB0081474F /* CopyFiles */ = {
			isa = PBXCopyFilesBuildPhase;
			buildActionMask = 2147483647;
			dstPath = "";
			dstSubfolderSpec = 16;
			files = (
				D8EA616C0CA3E3CD0081474F /* background.png in CopyFiles */,
			);
			runOnlyForDeploymentPostprocessing = 0;
		};
/* End PBXCopyFilesBuildPhase section */

/* Begin PBXFileReference section */
		08FB7796FE84155DC02AAC07 /* main.c */ = {isa = PBXFileReference; fileEncoding = 4; lastKnownFileType = sourcecode.c.c; path = main.c; sourceTree = "<group>"; };
		8DD76FB20486AB0100D96B5E /* HandCraftedWindows */ = {isa = PBXFileReference; explicitFileType = "compiled.mach-o.executable"; includeInIndex = 0; path = HandCraftedWindows; sourceTree = BUILT_PRODUCTS_DIR; };
		D8EA616B0CA3E3CD0081474F /* background.png */ = {isa = PBXFileReference; lastKnownFileType = image.png; path = background.png; sourceTree = "<group>"; };
		D8EF088D0CA3BB69000A14FE /* ApplicationServices.framework */ = {isa = PBXFileReference; lastKnownFileType = wrapper.framework; name = ApplicationServices.framework; path = /System/Library/Frameworks/ApplicationServices.framework; sourceTree = "<absolute>"; };
		D8EF0D080CA3CBF4000A14FE /* CarbonHelpers.h */ = {isa = PBXFileReference; fileEncoding = 4; lastKnownFileType = sourcecode.c.h; path = CarbonHelpers.h; sourceTree = "<group>"; };
		D8EF0D090CA3CBF4000A14FE /* CGSAccessibility.h */ = {isa = PBXFileReference; fileEncoding = 4; lastKnownFileType = sourcecode.c.h; path = CGSAccessibility.h; sourceTree = "<group>"; };
		D8EF0D0A0CA3CBF4000A14FE /* CGSCIFilter.h */ = {isa = PBXFileReference; fileEncoding = 4; lastKnownFileType = sourcecode.c.h; path = CGSCIFilter.h; sourceTree = "<group>"; };
		D8EF0D0B0CA3CBF4000A14FE /* CGSConnection.h */ = {isa = PBXFileReference; fileEncoding = 4; lastKnownFileType = sourcecode.c.h; path = CGSConnection.h; sourceTree = "<group>"; };
		D8EF0D0C0CA3CBF4000A14FE /* CGSCursor.h */ = {isa = PBXFileReference; fileEncoding = 4; lastKnownFileType = sourcecode.c.h; path = CGSCursor.h; sourceTree = "<group>"; };
		D8EF0D0D0CA3CBF4000A14FE /* CGSDebug.h */ = {isa = PBXFileReference; fileEncoding = 4; lastKnownFileType = sourcecode.c.h; path = CGSDebug.h; sourceTree = "<group>"; };
		D8EF0D0E0CA3CBF4000A14FE /* CGSDisplays.h */ = {isa = PBXFileReference; fileEncoding = 4; lastKnownFileType = sourcecode.c.h; path = CGSDisplays.h; sourceTree = "<group>"; };
		D8EF0D100CA3CBF4000A14FE /* CGSHotKeys.h */ = {isa = PBXFileReference; fileEncoding = 4; lastKnownFileType = sourcecode.c.h; path = CGSHotKeys.h; sourceTree = "<group>"; };
		D8EF0D110CA3CBF4000A14FE /* CGSInternal.h */ = {isa = PBXFileReference; fileEncoding = 4; lastKnownFileType = sourcecode.c.h; path = CGSInternal.h; sourceTree = "<group>"; };
		D8EF0D120CA3CBF4000A14FE /* CGSMisc.h */ = {isa = PBXFileReference; fileEncoding = 4; lastKnownFileType = sourcecode.c.h; path = CGSMisc.h; sourceTree = "<group>"; };
		D8EF0D130CA3CBF4000A14FE /* CGSRegion.h */ = {isa = PBXFileReference; fileEncoding = 4; lastKnownFileType = sourcecode.c.h; path = CGSRegion.h; sourceTree = "<group>"; };
		D8EF0D150CA3CBF4000A14FE /* CGSSession.h */ = {isa = PBXFileReference; fileEncoding = 4; lastKnownFileType = sourcecode.c.h; path = CGSSession.h; sourceTree = "<group>"; };
		D8EF0D160CA3CBF4000A14FE /* CGSTransitions.h */ = {isa = PBXFileReference; fileEncoding = 4; lastKnownFileType = sourcecode.c.h; path = CGSTransitions.h; sourceTree = "<group>"; };
		D8EF0D170CA3CBF4000A14FE /* CGSWindow.h */ = {isa = PBXFileReference; fileEncoding = 4; lastKnownFileType = sourcecode.c.h; path = CGSWindow.h; sourceTree = "<group>"; };
		D8EF0D180CA3CBF4000A14FE /* CGSWorkspace.h */ = {isa = PBXFileReference; fileEncoding = 4; lastKnownFileType = sourcecode.c.h; path = CGSWorkspace.h; sourceTree = "<group>"; };
/* End PBXFileReference section */

/* Begin PBXFrameworksBuildPhase section */
		8DD76FAD0486AB0100D96B5E /* Frameworks */ = {
			isa = PBXFrameworksBuildPhase;
			buildActionMask = 2147483647;
			files = (
				D8EF088E0CA3BB69000A14FE /* ApplicationServices.framework in Frameworks */,
			);
			runOnlyForDeploymentPostprocessing = 0;
		};
/* End PBXFrameworksBuildPhase section */

/* Begin PBXGroup section */
		08FB7794FE84155DC02AAC07 /* HandCraftedWindows */ = {
			isa = PBXGroup;
			children = (
				D8EF0D070CA3CBF4000A14FE /* CGSInternal */,
				D8EF088D0CA3BB69000A14FE /* ApplicationServices.framework */,
				08FB7795FE84155DC02AAC07 /* Source */,
				1AB674ADFE9D54B511CA2CBB /* Products */,
			);
			name = HandCraftedWindows;
			sourceTree = "<group>";
		};
		08FB7795FE84155DC02AAC07 /* Source */ = {
			isa = PBXGroup;
			children = (
				D8EA616B0CA3E3CD0081474F /* background.png */,
				08FB7796FE84155DC02AAC07 /* main.c */,
			);
			name = Source;
			sourceTree = "<group>";
		};
		1AB674ADFE9D54B511CA2CBB /* Products */ = {
			isa = PBXGroup;
			children = (
				8DD76FB20486AB0100D96B5E /* HandCraftedWindows */,
			);
			name = Products;
			sourceTree = "<group>";
		};
		D8EF0D070CA3CBF4000A14FE /* CGSInternal */ = {
			isa = PBXGroup;
			children = (
				D8EF0D080CA3CBF4000A14FE /* CarbonHelpers.h */,
				D8EF0D090CA3CBF4000A14FE /* CGSAccessibility.h */,
				D8EF0D0A0CA3CBF4000A14FE /* CGSCIFilter.h */,
				D8EF0D0B0CA3CBF4000A14FE /* CGSConnection.h */,
				D8EF0D0C0CA3CBF4000A14FE /* CGSCursor.h */,
				D8EF0D0D0CA3CBF4000A14FE /* CGSDebug.h */,
				D8EF0D0E0CA3CBF4000A14FE /* CGSDisplays.h */,
				D8EF0D100CA3CBF4000A14FE /* CGSHotKeys.h */,
				D8EF0D110CA3CBF4000A14FE /* CGSInternal.h */,
				D8EF0D120CA3CBF4000A14FE /* CGSMisc.h */,
				D8EF0D130CA3CBF4000A14FE /* CGSRegion.h */,
				D8EF0D150CA3CBF4000A14FE /* CGSSession.h */,
				D8EF0D160CA3CBF4000A14FE /* CGSTransitions.h */,
				D8EF0D170CA3CBF4000A14FE /* CGSWindow.h */,
				D8EF0D180CA3CBF4000A14FE /* CGSWorkspace.h */,
			);
			name = CGSInternal;
			path = ../../CGSInternal;
			sourceTree = SOURCE_ROOT;
		};
/* End PBXGroup section */

/* Begin PBXHeadersBuildPhase section */
		D8EA607B0CA3DD2C0081474F /* Headers */ = {
			isa = PBXHeadersBuildPhase;
			buildActionMask = 2147483647;
			files = (
				D8EA607F0CA3DD320081474F /* CarbonHelpers.h in Headers */,
				D8EA60800CA3DD320081474F /* CGSAccessibility.h in Headers */,
				D8EA60810CA3DD320081474F /* CGSCIFilter.h in Headers */,
				D8EA60820CA3DD320081474F /* CGSConnection.h in Headers */,
				D8EA60830CA3DD320081474F /* CGSCursor.h in Headers */,
				D8EA60840CA3DD320081474F /* CGSDebug.h in Headers */,
				D8EA60850CA3DD320081474F /* CGSDisplays.h in Headers */,
				D8EA60870CA3DD320081474F /* CGSHotKeys.h in Headers */,
				D8EA60880CA3DD320081474F /* CGSInternal.h in Headers */,
				D8EA60890CA3DD320081474F /* CGSMisc.h in Headers */,
				D8EA608A0CA3DD320081474F /* CGSRegion.h in Headers */,
				D8EA608C0CA3DD320081474F /* CGSSession.h in Headers */,
				D8EA608D0CA3DD320081474F /* CGSTransitions.h in Headers */,
				D8EA608E0CA3DD320081474F /* CGSWindow.h in Headers */,
				D8EA608F0CA3DD320081474F /* CGSWorkspace.h in Headers */,
			);
			runOnlyForDeploymentPostprocessing = 0;
		};
/* End PBXHeadersBuildPhase section */

/* Begin PBXNativeTarget section */
		8DD76FA90486AB0100D96B5E /* HandCraftedWindows */ = {
			isa = PBXNativeTarget;
			buildConfigurationList = 1DEB928508733DD80010E9CD /* Build configuration list for PBXNativeTarget "HandCraftedWindows" */;
			buildPhases = (
				8DD76FAB0486AB0100D96B5E /* Sources */,
				8DD76FAD0486AB0100D96B5E /* Frameworks */,
				D8EA607B0CA3DD2C0081474F /* Headers */,
				D8EA61640CA3E3AB0081474F /* CopyFiles */,
			);
			buildRules = (
			);
			dependencies = (
			);
			name = HandCraftedWindows;
			productInstallPath = "$(HOME)/bin";
			productName = HandCraftedWindows;
			productReference = 8DD76FB20486AB0100D96B5E /* HandCraftedWindows */;
			productType = "com.apple.product-type.tool";
		};
/* End PBXNativeTarget section */

/* Begin PBXProject section */
		08FB7793FE84155DC02AAC07 /* Project object */ = {
			isa = PBXProject;
			buildConfigurationList = 1DEB928908733DD80010E9CD /* Build configuration list for PBXProject "HandCraftedWindows" */;
			compatibilityVersion = "Xcode 2.4";
			developmentRegion = English;
			hasScannedForEncodings = 1;
			knownRegions = (
				English,
				Japanese,
				French,
				German,
			);
			mainGroup = 08FB7794FE84155DC02AAC07 /* HandCraftedWindows */;
			projectDirPath = "";
			projectRoot = "";
			targets = (
				8DD76FA90486AB0100D96B5E /* HandCraftedWindows */,
			);
		};
/* End PBXProject section */

/* Begin PBXSourcesBuildPhase section */
		8DD76FAB0486AB0100D96B5E /* Sources */ = {
			isa = PBXSourcesBuildPhase;
			buildActionMask = 2147483647;
			files = (
				8DD76FAC0486AB0100D96B5E /* main.c in Sources */,
			);
			runOnlyForDeploymentPostprocessing = 0;
		};
/* End PBXSourcesBuildPhase section */

/* Begin XCBuildConfiguration section */
		1DEB928608733DD80010E9CD /* Debug */ = {
			isa = XCBuildConfiguration;
			buildSettings = {
				COPY_PHASE_STRIP = NO;
				GCC_DYNAMIC_NO_PIC = NO;
				GCC_ENABLE_FIX_AND_CONTINUE = YES;
				GCC_MODEL_TUNING = G5;
				GCC_OPTIMIZATION_LEVEL = 0;
				INSTALL_PATH = "$(HOME)/bin";
				PRODUCT_NAME = HandCraftedWindows;
				SDKROOT = "";
				ZERO_LINK = YES;
			};
			name = Debug;
		};
		1DEB928708733DD80010E9CD /* Release */ = {
			isa = XCBuildConfiguration;
			buildSettings = {
				ARCHS = (
					ppc,
					i386,
				);
				GCC_GENERATE_DEBUGGING_SYMBOLS = NO;
				GCC_MODEL_TUNING = G5;
				INSTALL_PATH = "$(HOME)/bin";
				PRODUCT_NAME = HandCraftedWindows;
			};
			name = Release;
		};
		1DEB928A08733DD80010E9CD /* Debug */ = {
			isa = XCBuildConfiguration;
			buildSettings = {
				GCC_WARN_ABOUT_RETURN_TYPE = YES;
				GCC_WARN_UNUSED_VARIABLE = YES;
				PREBINDING = NO;
				SDKROOT = /Developer/SDKs/MacOSX10.4u.sdk;
			};
			name = Debug;
		};
		1DEB928B08733DD80010E9CD /* Release */ = {
			isa = XCBuildConfiguration;
			buildSettings = {
				GCC_WARN_ABOUT_RETURN_TYPE = YES;
				GCC_WARN_UNUSED_VARIABLE = YES;
				PREBINDING = NO;
				SDKROOT = /Developer/SDKs/MacOSX10.4u.sdk;
			};
			name = Release;
		};
/* End XCBuildConfiguration section */

/* Begin XCConfigurationList section */
		1DEB928508733DD80010E9CD /* Build configuration list for PBXNativeTarget "HandCraftedWindows" */ = {
			isa = XCConfigurationList;
			buildConfigurations = (
				1DEB928608733DD80010E9CD /* Debug */,
				1DEB928708733DD80010E9CD /* Release */,
			);
			defaultConfigurationIsVisible = 0;
			defaultConfigurationName = Release;
		};
		1DEB928908733DD80010E9CD /* Build configuration list for PBXProject "HandCraftedWindows" */ = {
			isa = XCConfigurationList;
			buildConfigurations = (
				1DEB928A08733DD80010E9CD /* Debug */,
				1DEB928B08733DD80010E9CD /* Release */,
			);
			defaultConfigurationIsVisible = 0;
			defaultConfigurationName = Release;
		};
/* End XCConfigurationList section */
	};
	rootObject = 08FB7793FE84155DC02AAC07 /* Project object */;
}
